
Microsoft Visual Studio Solution File, Format Version 12.00
# Visual Studio Version 17
VisualStudioVersion = 17.11.35327.3
MinimumVisualStudioVersion = 10.0.40219.1
Project("{FAE04EC0-301F-11D3-BF4B-00C04F79EFBC}") = "SmartSupermarketFMartWPF", "SmartSupermarketFMartWPF\SmartSupermarketFMartWPF.csproj", "{FC7826A9-10D2-4B53-B9D6-DF8A04B4A7D9}"
EndProject
Project("{FAE04EC0-301F-11D3-BF4B-00C04F79EFBC}") = "BusinessObjects", "BusinessObjects\BusinessObjects.csproj", "{DBCA130E-24CC-4D60-A758-BD22D759A008}"
EndProject
Project("{FAE04EC0-301F-11D3-BF4B-00C04F79EFBC}") = "DataAccessObjects", "DataAccessObjects\DataAccessObjects.csproj", "{732702F0-BF55-451C-9E03-DC4F9C4F978B}"
EndProject
Global
	GlobalSection(SolutionConfigurationPlatforms) = preSolution
		Debug|Any CPU = Debug|Any CPU
		Release|Any CPU = Release|Any CPU
	EndGlobalSection
	GlobalSection(ProjectConfigurationPlatforms) = postSolution
		{FC7826A9-10D2-4B53-B9D6-DF8A04B4A7D9}.Debug|Any CPU.ActiveCfg = Debug|Any CPU
		{FC7826A9-10D2-4B53-B9D6-DF8A04B4A7D9}.Debug|Any CPU.Build.0 = Debug|Any CPU
		{FC7826A9-10D2-4B53-B9D6-DF8A04B4A7D9}.Release|Any CPU.ActiveCfg = Release|Any CPU
		{FC7826A9-10D2-4B53-B9D6-DF8A04B4A7D9}.Release|Any CPU.Build.0 = Release|Any CPU
		{DBCA130E-24CC-4D60-A758-BD22D759A008}.Debug|Any CPU.ActiveCfg = Debug|Any CPU
		{DBCA130E-24CC-4D60-A758-BD22D759A008}.Debug|Any CPU.Build.0 = Debug|Any CPU
		{DBCA130E-24CC-4D60-A758-BD22D759A008}.Release|Any CPU.ActiveCfg = Release|Any CPU
		{DBCA130E-24CC-4D60-A758-BD22D759A008}.Release|Any CPU.Build.0 = Release|Any CPU
		{732702F0-BF55-451C-9E03-DC4F9C4F978B}.Debug|Any CPU.ActiveCfg = Debug|Any CPU
		{732702F0-BF55-451C-9E03-DC4F9C4F978B}.Debug|Any CPU.Build.0 = Debug|Any CPU
		{732702F0-BF55-451C-9E03-DC4F9C4F978B}.Release|Any CPU.ActiveCfg = Release|Any CPU
		{732702F0-BF55-451C-9E03-DC4F9C4F978B}.Release|Any CPU.Build.0 = Release|Any CPU
	EndGlobalSection
	GlobalSection(SolutionProperties) = preSolution
		HideSolutionNode = FALSE
	EndGlobalSection
	GlobalSection(ExtensibilityGlobals) = postSolution
		SolutionGuid = {1356BC9D-EAC3-49BD-8254-601078107B9E}
	EndGlobalSection
EndGlobal
